
Microsoft Visual Studio Solution File, Format Version 12.00
# Visual Studio Version 17
VisualStudioVersion = 17.14.36717.8
MinimumVisualStudioVersion = 10.0.40219.1
Project("{FAE04EC0-301F-11D3-BF4B-00C04F79EFBC}") = "ContactsManager.UI", "ContactsManager.UI.csproj", "{4534251A-E0BA-4872-8EF9-BDBD5FF5A0C5}"
EndProject
Project("{2150E333-8FDC-42A3-9474-1A3956D46DE8}") = "src", "src", "{02EA681E-C7D8-13C7-8484-4AC65E1B71E8}"
EndProject
Project("{2150E333-8FDC-42A3-9474-1A3956D46DE8}") = "tests", "tests", "{7ED6BCC6-253C-4ABD-91B2-BB7558A9BCC2}"
EndProject
Project("{FAE04EC0-301F-11D3-BF4B-00C04F79EFBC}") = "ContactsManger.Core", "..\ContactsManger.Core\ContactsManger.Core.csproj", "{78AC083F-EA4C-4674-9541-88FD3D3F6ABF}"
EndProject
Project("{FAE04EC0-301F-11D3-BF4B-00C04F79EFBC}") = "ContactsManager.Inferastructure", "..\ContactsManager.Inferastructure\ContactsManager.Inferastructure.csproj", "{627A5759-BC02-4FD6-90A0-AE28848DECDD}"
EndProject
Project("{FAE04EC0-301F-11D3-BF4B-00C04F79EFBC}") = "ContactsManger.ServiceTests", "..\Tests\ContactsManger.ServiceTests.csproj", "{C034FCDC-F34D-46E5-8645-84C7CDE3B117}"
EndProject
Project("{FAE04EC0-301F-11D3-BF4B-00C04F79EFBC}") = "ContactsManager.ControllersTest", "..\ContactsManager.ControllersTest\ContactsManager.ControllersTest.csproj", "{AC117761-8D98-45F1-9617-98A11A793471}"
EndProject
Project("{FAE04EC0-301F-11D3-BF4B-00C04F79EFBC}") = "ContactsManager.IntegrationTests", "..\ContactsManager.IntegrationTests\ContactsManager.IntegrationTests.csproj", "{2D2202BB-09E5-43EA-AC02-57223A644E88}"
EndProject
Global
	GlobalSection(SolutionConfigurationPlatforms) = preSolution
		Debug|Any CPU = Debug|Any CPU
		Release|Any CPU = Release|Any CPU
	EndGlobalSection
	GlobalSection(ProjectConfigurationPlatforms) = postSolution
		{4534251A-E0BA-4872-8EF9-BDBD5FF5A0C5}.Debug|Any CPU.ActiveCfg = Debug|Any CPU
		{4534251A-E0BA-4872-8EF9-BDBD5FF5A0C5}.Debug|Any CPU.Build.0 = Debug|Any CPU
		{4534251A-E0BA-4872-8EF9-BDBD5FF5A0C5}.Release|Any CPU.ActiveCfg = Release|Any CPU
		{4534251A-E0BA-4872-8EF9-BDBD5FF5A0C5}.Release|Any CPU.Build.0 = Release|Any CPU
		{78AC083F-EA4C-4674-9541-88FD3D3F6ABF}.Debug|Any CPU.ActiveCfg = Debug|Any CPU
		{78AC083F-EA4C-4674-9541-88FD3D3F6ABF}.Debug|Any CPU.Build.0 = Debug|Any CPU
		{78AC083F-EA4C-4674-9541-88FD3D3F6ABF}.Release|Any CPU.ActiveCfg = Release|Any CPU
		{78AC083F-EA4C-4674-9541-88FD3D3F6ABF}.Release|Any CPU.Build.0 = Release|Any CPU
		{627A5759-BC02-4FD6-90A0-AE28848DECDD}.Debug|Any CPU.ActiveCfg = Debug|Any CPU
		{627A5759-BC02-4FD6-90A0-AE28848DECDD}.Debug|Any CPU.Build.0 = Debug|Any CPU
		{627A5759-BC02-4FD6-90A0-AE28848DECDD}.Release|Any CPU.ActiveCfg = Release|Any CPU
		{627A5759-BC02-4FD6-90A0-AE28848DECDD}.Release|Any CPU.Build.0 = Release|Any CPU
		{C034FCDC-F34D-46E5-8645-84C7CDE3B117}.Debug|Any CPU.ActiveCfg = Debug|Any CPU
		{C034FCDC-F34D-46E5-8645-84C7CDE3B117}.Debug|Any CPU.Build.0 = Debug|Any CPU
		{C034FCDC-F34D-46E5-8645-84C7CDE3B117}.Release|Any CPU.ActiveCfg = Release|Any CPU
		{C034FCDC-F34D-46E5-8645-84C7CDE3B117}.Release|Any CPU.Build.0 = Release|Any CPU
		{AC117761-8D98-45F1-9617-98A11A793471}.Debug|Any CPU.ActiveCfg = Debug|Any CPU
		{AC117761-8D98-45F1-9617-98A11A793471}.Debug|Any CPU.Build.0 = Debug|Any CPU
		{AC117761-8D98-45F1-9617-98A11A793471}.Release|Any CPU.ActiveCfg = Release|Any CPU
		{AC117761-8D98-45F1-9617-98A11A793471}.Release|Any CPU.Build.0 = Release|Any CPU
		{2D2202BB-09E5-43EA-AC02-57223A644E88}.Debug|Any CPU.ActiveCfg = Debug|Any CPU
		{2D2202BB-09E5-43EA-AC02-57223A644E88}.Debug|Any CPU.Build.0 = Debug|Any CPU
		{2D2202BB-09E5-43EA-AC02-57223A644E88}.Release|Any CPU.ActiveCfg = Release|Any CPU
		{2D2202BB-09E5-43EA-AC02-57223A644E88}.Release|Any CPU.Build.0 = Release|Any CPU
	EndGlobalSection
	GlobalSection(SolutionProperties) = preSolution
		HideSolutionNode = FALSE
	EndGlobalSection
	GlobalSection(NestedProjects) = preSolution
		{78AC083F-EA4C-4674-9541-88FD3D3F6ABF} = {02EA681E-C7D8-13C7-8484-4AC65E1B71E8}
		{627A5759-BC02-4FD6-90A0-AE28848DECDD} = {02EA681E-C7D8-13C7-8484-4AC65E1B71E8}
		{C034FCDC-F34D-46E5-8645-84C7CDE3B117} = {7ED6BCC6-253C-4ABD-91B2-BB7558A9BCC2}
		{AC117761-8D98-45F1-9617-98A11A793471} = {7ED6BCC6-253C-4ABD-91B2-BB7558A9BCC2}
		{2D2202BB-09E5-43EA-AC02-57223A644E88} = {7ED6BCC6-253C-4ABD-91B2-BB7558A9BCC2}
	EndGlobalSection
	GlobalSection(ExtensibilityGlobals) = postSolution
		SolutionGuid = {1BD24C6D-0A01-4E3C-A526-2F03F37797EC}
	EndGlobalSection
EndGlobal
